
Microsoft Visual Studio Solution File, Format Version 12.00
# Visual Studio Version 16
VisualStudioVersion = 25.0.1705.4
MinimumVisualStudioVersion = 10.0.40219.1
Project("{2150E333-8FDC-42A3-9474-1A3956D46DE8}") = "Asset", "Asset", "{80EBA429-5E15-4773-888E-37FC1A76B034}"
EndProject
Project("{2150E333-8FDC-42A3-9474-1A3956D46DE8}") = "Console", "Console", "{0279A768-443A-42CC-AD1B-1FA3BA541B1B}"
EndProject
Project("{2150E333-8FDC-42A3-9474-1A3956D46DE8}") = "Service", "Service", "{7D9F0938-E3D2-4446-B179-5B45E39547DA}"
EndProject
Project("{2150E333-8FDC-42A3-9474-1A3956D46DE8}") = "Core", "Core", "{8D8DE74C-668F-413F-B4BF-5208D42A57FA}"
EndProject
Project("{2150E333-8FDC-42A3-9474-1A3956D46DE8}") = "Portal", "Portal", "{0622BC80-C206-4C04-B094-1B77D0FB6C55}"
EndProject
Project("{2150E333-8FDC-42A3-9474-1A3956D46DE8}") = "Domain", "Domain", "{CD3C27C8-0469-4A52-A3D4-0A8864A14AEB}"
EndProject
Project("{2150E333-8FDC-42A3-9474-1A3956D46DE8}") = "Utils", "Utils", "{5AAC4F14-0152-4719-AAE6-C95E7DAFDFDD}"
EndProject
Project("{FAE04EC0-301F-11D3-BF4B-00C04F79EFBC}") = "XGrid.Transportation", "Console\XGrid.Transportation\XGrid.Transportation.csproj", "{DA17567A-A86B-4D72-BCB9-E1A4311CAF11}"
EndProject
Project("{FAE04EC0-301F-11D3-BF4B-00C04F79EFBC}") = "XGrid.ServiceAPI", "Service\Core\XGrid.ServiceAPI\XGrid.ServiceAPI.csproj", "{3B6BC3DE-C98A-494F-BDBD-9C0886CD54B0}"
EndProject
Project("{FAE04EC0-301F-11D3-BF4B-00C04F79EFBC}") = "XGrid.ServiceController", "Service\Core\XGrid.ServiceController\XGrid.ServiceController.csproj", "{0BEF83B3-4E93-4066-8082-58B7D8089FBE}"
EndProject
Project("{FAE04EC0-301F-11D3-BF4B-00C04F79EFBC}") = "XGrid.ServiceManager", "Service\Core\XGrid.ServiceManager\XGrid.ServiceManager.csproj", "{710E6AF6-5249-45C6-93E1-ABE06414D151}"
EndProject
Project("{FAE04EC0-301F-11D3-BF4B-00C04F79EFBC}") = "XGrid.DomainContract", "Service\Domain\XGrid.DomainContract\XGrid.DomainContract.csproj", "{D7D29049-604F-4358-8878-522983FCD7E6}"
EndProject
Project("{FAE04EC0-301F-11D3-BF4B-00C04F79EFBC}") = "XGrid.DomainObject", "Service\Domain\XGrid.DomainObject\XGrid.DomainObject.csproj", "{7F5F05A7-4FC5-4216-A30C-EFD1367BC74A}"
EndProject
Project("{2150E333-8FDC-42A3-9474-1A3956D46DE8}") = "FakeApi", "FakeApi", "{1FBEC958-6BB1-4566-A5AD-69FE1070EC18}"
EndProject
Project("{FAE04EC0-301F-11D3-BF4B-00C04F79EFBC}") = "FakeAPi", "FakeApi\FakeAPi\FakeAPi.csproj", "{CF2D77E4-0A3F-451F-B959-BAE4CF7167EB}"
EndProject
Global
	GlobalSection(SolutionConfigurationPlatforms) = preSolution
		Debug|Any CPU = Debug|Any CPU
		Release|Any CPU = Release|Any CPU
	EndGlobalSection
	GlobalSection(ProjectConfigurationPlatforms) = postSolution
		{DA17567A-A86B-4D72-BCB9-E1A4311CAF11}.Debug|Any CPU.ActiveCfg = Debug|Any CPU
		{DA17567A-A86B-4D72-BCB9-E1A4311CAF11}.Debug|Any CPU.Build.0 = Debug|Any CPU
		{DA17567A-A86B-4D72-BCB9-E1A4311CAF11}.Release|Any CPU.ActiveCfg = Release|Any CPU
		{DA17567A-A86B-4D72-BCB9-E1A4311CAF11}.Release|Any CPU.Build.0 = Release|Any CPU
		{3B6BC3DE-C98A-494F-BDBD-9C0886CD54B0}.Debug|Any CPU.ActiveCfg = Debug|Any CPU
		{3B6BC3DE-C98A-494F-BDBD-9C0886CD54B0}.Debug|Any CPU.Build.0 = Debug|Any CPU
		{3B6BC3DE-C98A-494F-BDBD-9C0886CD54B0}.Release|Any CPU.ActiveCfg = Release|Any CPU
		{3B6BC3DE-C98A-494F-BDBD-9C0886CD54B0}.Release|Any CPU.Build.0 = Release|Any CPU
		{0BEF83B3-4E93-4066-8082-58B7D8089FBE}.Debug|Any CPU.ActiveCfg = Debug|Any CPU
		{0BEF83B3-4E93-4066-8082-58B7D8089FBE}.Debug|Any CPU.Build.0 = Debug|Any CPU
		{0BEF83B3-4E93-4066-8082-58B7D8089FBE}.Release|Any CPU.ActiveCfg = Release|Any CPU
		{0BEF83B3-4E93-4066-8082-58B7D8089FBE}.Release|Any CPU.Build.0 = Release|Any CPU
		{710E6AF6-5249-45C6-93E1-ABE06414D151}.Debug|Any CPU.ActiveCfg = Debug|Any CPU
		{710E6AF6-5249-45C6-93E1-ABE06414D151}.Debug|Any CPU.Build.0 = Debug|Any CPU
		{710E6AF6-5249-45C6-93E1-ABE06414D151}.Release|Any CPU.ActiveCfg = Release|Any CPU
		{710E6AF6-5249-45C6-93E1-ABE06414D151}.Release|Any CPU.Build.0 = Release|Any CPU
		{D7D29049-604F-4358-8878-522983FCD7E6}.Debug|Any CPU.ActiveCfg = Debug|Any CPU
		{D7D29049-604F-4358-8878-522983FCD7E6}.Debug|Any CPU.Build.0 = Debug|Any CPU
		{D7D29049-604F-4358-8878-522983FCD7E6}.Release|Any CPU.ActiveCfg = Release|Any CPU
		{D7D29049-604F-4358-8878-522983FCD7E6}.Release|Any CPU.Build.0 = Release|Any CPU
		{7F5F05A7-4FC5-4216-A30C-EFD1367BC74A}.Debug|Any CPU.ActiveCfg = Debug|Any CPU
		{7F5F05A7-4FC5-4216-A30C-EFD1367BC74A}.Debug|Any CPU.Build.0 = Debug|Any CPU
		{7F5F05A7-4FC5-4216-A30C-EFD1367BC74A}.Release|Any CPU.ActiveCfg = Release|Any CPU
		{7F5F05A7-4FC5-4216-A30C-EFD1367BC74A}.Release|Any CPU.Build.0 = Release|Any CPU
		{CF2D77E4-0A3F-451F-B959-BAE4CF7167EB}.Debug|Any CPU.ActiveCfg = Debug|Any CPU
		{CF2D77E4-0A3F-451F-B959-BAE4CF7167EB}.Debug|Any CPU.Build.0 = Debug|Any CPU
		{CF2D77E4-0A3F-451F-B959-BAE4CF7167EB}.Release|Any CPU.ActiveCfg = Release|Any CPU
		{CF2D77E4-0A3F-451F-B959-BAE4CF7167EB}.Release|Any CPU.Build.0 = Release|Any CPU
	EndGlobalSection
	GlobalSection(SolutionProperties) = preSolution
		HideSolutionNode = FALSE
	EndGlobalSection
	GlobalSection(ExtensibilityGlobals) = postSolution
		SolutionGuid = {AD480749-ED67-42C2-9F02-F0ACD06587AF}
	EndGlobalSection
	GlobalSection(NestedProjects) = preSolution
		{8D8DE74C-668F-413F-B4BF-5208D42A57FA} = {7D9F0938-E3D2-4446-B179-5B45E39547DA}
		{0622BC80-C206-4C04-B094-1B77D0FB6C55} = {7D9F0938-E3D2-4446-B179-5B45E39547DA}
		{CD3C27C8-0469-4A52-A3D4-0A8864A14AEB} = {7D9F0938-E3D2-4446-B179-5B45E39547DA}
		{5AAC4F14-0152-4719-AAE6-C95E7DAFDFDD} = {7D9F0938-E3D2-4446-B179-5B45E39547DA}
		{DA17567A-A86B-4D72-BCB9-E1A4311CAF11} = {0279A768-443A-42CC-AD1B-1FA3BA541B1B}
		{3B6BC3DE-C98A-494F-BDBD-9C0886CD54B0} = {8D8DE74C-668F-413F-B4BF-5208D42A57FA}
		{0BEF83B3-4E93-4066-8082-58B7D8089FBE} = {8D8DE74C-668F-413F-B4BF-5208D42A57FA}
		{710E6AF6-5249-45C6-93E1-ABE06414D151} = {8D8DE74C-668F-413F-B4BF-5208D42A57FA}
		{D7D29049-604F-4358-8878-522983FCD7E6} = {CD3C27C8-0469-4A52-A3D4-0A8864A14AEB}
		{7F5F05A7-4FC5-4216-A30C-EFD1367BC74A} = {CD3C27C8-0469-4A52-A3D4-0A8864A14AEB}
		{CF2D77E4-0A3F-451F-B959-BAE4CF7167EB} = {1FBEC958-6BB1-4566-A5AD-69FE1070EC18}
	EndGlobalSection
EndGlobal
